
Microsoft Visual Studio Solution File, Format Version 12.00
# Visual Studio Version 16
VisualStudioVersion = 16.0.30413.136
MinimumVisualStudioVersion = 10.0.40219.1
Project("{FAE04EC0-301F-11D3-BF4B-00C04F79EFBC}") = "КГиГм_task_1", "КГиГм_task_1\КГиГм_task_1.csproj", "{C0BFDB9A-362C-4B73-886B-C503C282D24F}"
EndProject
Global
	GlobalSection(SolutionConfigurationPlatforms) = preSolution
		Debug|Any CPU = Debug|Any CPU
		Release|Any CPU = Release|Any CPU
	EndGlobalSection
	GlobalSection(ProjectConfigurationPlatforms) = postSolution
		{C0BFDB9A-362C-4B73-886B-C503C282D24F}.Debug|Any CPU.ActiveCfg = Debug|Any CPU
		{C0BFDB9A-362C-4B73-886B-C503C282D24F}.Debug|Any CPU.Build.0 = Debug|Any CPU
		{C0BFDB9A-362C-4B73-886B-C503C282D24F}.Release|Any CPU.ActiveCfg = Release|Any CPU
		{C0BFDB9A-362C-4B73-886B-C503C282D24F}.Release|Any CPU.Build.0 = Release|Any CPU
	EndGlobalSection
	GlobalSection(SolutionProperties) = preSolution
		HideSolutionNode = FALSE
	EndGlobalSection
	GlobalSection(ExtensibilityGlobals) = postSolution
		SolutionGuid = {BB2A9D58-48B3-4A3C-9502-2E883CF4BD45}
	EndGlobalSection
EndGlobal
